# @generated by Move, please check-in and do not edit manually.

[move]
version = 3
manifest_digest = "5D5F5D4E8D32036AA20D41ABA971BBFC94796DFB24BA37F9FE561C2CCE7950FF"
deps_digest = "397E6A9F7A624706DBDFEE056CE88391A15876868FD18A88504DA74EB458D697"
dependencies = [
  { id = "AxelarGateway", name = "AxelarGateway" },
  { id = "GasService", name = "GasService" },
  { id = "RelayerDiscovery", name = "RelayerDiscovery" },
  { id = "Utils", name = "Utils" },
  { id = "VersionControl", name = "VersionControl" },
]

[[move.package]]
id = "AxelarGateway"
source = { git = "https://github.com/axelarnetwork/axelar-cgp-sui.git", rev = "b35227a82f7ca6f941a7e729e1a3b3d48a64b982", subdir = "move/axelar_gateway" }

dependencies = [
  { id = "MoveStdlib", name = "MoveStdlib" },
  { id = "Sui", name = "Sui" },
  { id = "Utils", name = "Utils" },
  { id = "VersionControl", name = "VersionControl" },
]

[[move.package]]
id = "GasService"
source = { git = "https://github.com/axelarnetwork/axelar-cgp-sui.git", rev = "b35227a82f7ca6f941a7e729e1a3b3d48a64b982", subdir = "move/gas_service" }

dependencies = [
  { id = "AxelarGateway", name = "AxelarGateway" },
  { id = "Sui", name = "Sui" },
  { id = "VersionControl", name = "VersionControl" },
]

[[move.package]]
id = "MoveStdlib"
source = { git = "https://github.com/MystenLabs/sui.git", rev = "mainnet-v1.38.3", subdir = "crates/sui-framework/packages/move-stdlib" }

[[move.package]]
id = "RelayerDiscovery"
source = { git = "https://github.com/axelarnetwork/axelar-cgp-sui.git", rev = "b35227a82f7ca6f941a7e729e1a3b3d48a64b982", subdir = "move/relayer_discovery" }

dependencies = [
  { id = "AxelarGateway", name = "AxelarGateway" },
  { id = "Sui", name = "Sui" },
  { id = "VersionControl", name = "VersionControl" },
]

[[move.package]]
id = "Sui"
source = { git = "https://github.com/MystenLabs/sui.git", rev = "mainnet-v1.38.3", subdir = "crates/sui-framework/packages/sui-framework" }

dependencies = [
  { id = "MoveStdlib", name = "MoveStdlib" },
]

[[move.package]]
id = "Utils"
source = { git = "https://github.com/axelarnetwork/axelar-cgp-sui.git", rev = "b35227a82f7ca6f941a7e729e1a3b3d48a64b982", subdir = "move/utils" }

dependencies = [
  { id = "Sui", name = "Sui" },
]

[[move.package]]
id = "VersionControl"
source = { git = "https://github.com/axelarnetwork/axelar-cgp-sui.git", rev = "b35227a82f7ca6f941a7e729e1a3b3d48a64b982", subdir = "move/version_control" }

dependencies = [
  { id = "Sui", name = "Sui" },
]

[move.toolchain-version]
compiler-version = "1.40.2"
edition = "2024"
flavor = "sui"
